PODS:
  - Expecta (1.0.0)
  - Specta (1.0.2)
  - TBStateMachine (5.4.2):
    - TBStateMachine/Core (= 5.4.2)
  - TBStateMachine/Core (5.4.2)
  - TBStateMachine/DebugSupport (5.4.2):
    - TBStateMachine/Core

DEPENDENCIES:
  - Expecta
  - Specta
  - TBStateMachine (from `../`)
  - TBStateMachine/DebugSupport (from `../`)

EXTERNAL SOURCES:
  TBStateMachine:
    :path: ../

SPEC CHECKSUMS:
  Expecta: 32604574add2c46a36f8d2f716b6c5736eb75024
  Specta: 9cec98310dca411f7c7ffd6943552b501622abfe
  TBStateMachine: d4e0a31dab5dabe4b1b03d32d5abe6118ddc21e9

COCOAPODS: 0.37.2
