PODS:
  - Expecta (1.0.0)
  - Specta (1.0.2)
  - TBStateMachine (5.5.0):
    - TBStateMachine/Core (= 5.5.0)
  - TBStateMachine/Core (5.5.0)
  - TBStateMachine/DebugSupport (5.5.0):
    - TBStateMachine/Core

DEPENDENCIES:
  - Expecta
  - Specta
  - TBStateMachine (from `../`)
  - TBStateMachine/DebugSupport (from `../`)

EXTERNAL SOURCES:
  TBStateMachine:
    :path: ../

SPEC CHECKSUMS:
  Expecta: 32604574add2c46a36f8d2f716b6c5736eb75024
  Specta: 9cec98310dca411f7c7ffd6943552b501622abfe
  TBStateMachine: 918ecc86328e64623b27b9235eb16c4b4bbf1cb2

COCOAPODS: 0.38.2
